
Microsoft Visual Studio Solution File, Format Version 12.00
# Visual Studio 15
VisualStudioVersion = 15.0.26124.0
MinimumVisualStudioVersion = 15.0.26124.0
Project("{FAE04EC0-301F-11D3-BF4B-00C04F79EFBC}") = "Domain", "Domain\Domain.csproj", "{218B9CE4-AF8C-4DD6-B3FA-FFB2951E60F9}"
EndProject
Project("{FAE04EC0-301F-11D3-BF4B-00C04F79EFBC}") = "Application", "Application\Application.csproj", "{9132078E-104C-4015-BC95-E30D10F01720}"
EndProject
Project("{FAE04EC0-301F-11D3-BF4B-00C04F79EFBC}") = "Persistence", "Persistence\Persistence.csproj", "{868C5F56-388C-4555-B34B-872D21FE4A9F}"
EndProject
Project("{FAE04EC0-301F-11D3-BF4B-00C04F79EFBC}") = "API", "API\API.csproj", "{585283B7-C8FC-462A-8BAC-367D2B5BB795}"
EndProject
Global
	GlobalSection(SolutionConfigurationPlatforms) = preSolution
		Debug|Any CPU = Debug|Any CPU
		Debug|x64 = Debug|x64
		Debug|x86 = Debug|x86
		Release|Any CPU = Release|Any CPU
		Release|x64 = Release|x64
		Release|x86 = Release|x86
	EndGlobalSection
	GlobalSection(SolutionProperties) = preSolution
		HideSolutionNode = FALSE
	EndGlobalSection
	GlobalSection(ProjectConfigurationPlatforms) = postSolution
		{218B9CE4-AF8C-4DD6-B3FA-FFB2951E60F9}.Debug|Any CPU.ActiveCfg = Debug|Any CPU
		{218B9CE4-AF8C-4DD6-B3FA-FFB2951E60F9}.Debug|Any CPU.Build.0 = Debug|Any CPU
		{218B9CE4-AF8C-4DD6-B3FA-FFB2951E60F9}.Debug|x64.ActiveCfg = Debug|Any CPU
		{218B9CE4-AF8C-4DD6-B3FA-FFB2951E60F9}.Debug|x64.Build.0 = Debug|Any CPU
		{218B9CE4-AF8C-4DD6-B3FA-FFB2951E60F9}.Debug|x86.ActiveCfg = Debug|Any CPU
		{218B9CE4-AF8C-4DD6-B3FA-FFB2951E60F9}.Debug|x86.Build.0 = Debug|Any CPU
		{218B9CE4-AF8C-4DD6-B3FA-FFB2951E60F9}.Release|Any CPU.ActiveCfg = Release|Any CPU
		{218B9CE4-AF8C-4DD6-B3FA-FFB2951E60F9}.Release|Any CPU.Build.0 = Release|Any CPU
		{218B9CE4-AF8C-4DD6-B3FA-FFB2951E60F9}.Release|x64.ActiveCfg = Release|Any CPU
		{218B9CE4-AF8C-4DD6-B3FA-FFB2951E60F9}.Release|x64.Build.0 = Release|Any CPU
		{218B9CE4-AF8C-4DD6-B3FA-FFB2951E60F9}.Release|x86.ActiveCfg = Release|Any CPU
		{218B9CE4-AF8C-4DD6-B3FA-FFB2951E60F9}.Release|x86.Build.0 = Release|Any CPU
		{9132078E-104C-4015-BC95-E30D10F01720}.Debug|Any CPU.ActiveCfg = Debug|Any CPU
		{9132078E-104C-4015-BC95-E30D10F01720}.Debug|Any CPU.Build.0 = Debug|Any CPU
		{9132078E-104C-4015-BC95-E30D10F01720}.Debug|x64.ActiveCfg = Debug|Any CPU
		{9132078E-104C-4015-BC95-E30D10F01720}.Debug|x64.Build.0 = Debug|Any CPU
		{9132078E-104C-4015-BC95-E30D10F01720}.Debug|x86.ActiveCfg = Debug|Any CPU
		{9132078E-104C-4015-BC95-E30D10F01720}.Debug|x86.Build.0 = Debug|Any CPU
		{9132078E-104C-4015-BC95-E30D10F01720}.Release|Any CPU.ActiveCfg = Release|Any CPU
		{9132078E-104C-4015-BC95-E30D10F01720}.Release|Any CPU.Build.0 = Release|Any CPU
		{9132078E-104C-4015-BC95-E30D10F01720}.Release|x64.ActiveCfg = Release|Any CPU
		{9132078E-104C-4015-BC95-E30D10F01720}.Release|x64.Build.0 = Release|Any CPU
		{9132078E-104C-4015-BC95-E30D10F01720}.Release|x86.ActiveCfg = Release|Any CPU
		{9132078E-104C-4015-BC95-E30D10F01720}.Release|x86.Build.0 = Release|Any CPU
		{868C5F56-388C-4555-B34B-872D21FE4A9F}.Debug|Any CPU.ActiveCfg = Debug|Any CPU
		{868C5F56-388C-4555-B34B-872D21FE4A9F}.Debug|Any CPU.Build.0 = Debug|Any CPU
		{868C5F56-388C-4555-B34B-872D21FE4A9F}.Debug|x64.ActiveCfg = Debug|Any CPU
		{868C5F56-388C-4555-B34B-872D21FE4A9F}.Debug|x64.Build.0 = Debug|Any CPU
		{868C5F56-388C-4555-B34B-872D21FE4A9F}.Debug|x86.ActiveCfg = Debug|Any CPU
		{868C5F56-388C-4555-B34B-872D21FE4A9F}.Debug|x86.Build.0 = Debug|Any CPU
		{868C5F56-388C-4555-B34B-872D21FE4A9F}.Release|Any CPU.ActiveCfg = Release|Any CPU
		{868C5F56-388C-4555-B34B-872D21FE4A9F}.Release|Any CPU.Build.0 = Release|Any CPU
		{868C5F56-388C-4555-B34B-872D21FE4A9F}.Release|x64.ActiveCfg = Release|Any CPU
		{868C5F56-388C-4555-B34B-872D21FE4A9F}.Release|x64.Build.0 = Release|Any CPU
		{868C5F56-388C-4555-B34B-872D21FE4A9F}.Release|x86.ActiveCfg = Release|Any CPU
		{868C5F56-388C-4555-B34B-872D21FE4A9F}.Release|x86.Build.0 = Release|Any CPU
		{585283B7-C8FC-462A-8BAC-367D2B5BB795}.Debug|Any CPU.ActiveCfg = Debug|Any CPU
		{585283B7-C8FC-462A-8BAC-367D2B5BB795}.Debug|Any CPU.Build.0 = Debug|Any CPU
		{585283B7-C8FC-462A-8BAC-367D2B5BB795}.Debug|x64.ActiveCfg = Debug|Any CPU
		{585283B7-C8FC-462A-8BAC-367D2B5BB795}.Debug|x64.Build.0 = Debug|Any CPU
		{585283B7-C8FC-462A-8BAC-367D2B5BB795}.Debug|x86.ActiveCfg = Debug|Any CPU
		{585283B7-C8FC-462A-8BAC-367D2B5BB795}.Debug|x86.Build.0 = Debug|Any CPU
		{585283B7-C8FC-462A-8BAC-367D2B5BB795}.Release|Any CPU.ActiveCfg = Release|Any CPU
		{585283B7-C8FC-462A-8BAC-367D2B5BB795}.Release|Any CPU.Build.0 = Release|Any CPU
		{585283B7-C8FC-462A-8BAC-367D2B5BB795}.Release|x64.ActiveCfg = Release|Any CPU
		{585283B7-C8FC-462A-8BAC-367D2B5BB795}.Release|x64.Build.0 = Release|Any CPU
		{585283B7-C8FC-462A-8BAC-367D2B5BB795}.Release|x86.ActiveCfg = Release|Any CPU
		{585283B7-C8FC-462A-8BAC-367D2B5BB795}.Release|x86.Build.0 = Release|Any CPU
	EndGlobalSection
EndGlobal
